
Microsoft Visual Studio Solution File, Format Version 12.00
# Visual Studio Version 16
VisualStudioVersion = 16.0.31624.102
MinimumVisualStudioVersion = 10.0.40219.1
Project("{FAE04EC0-301F-11D3-BF4B-00C04F79EFBC}") = "person", "person\person.csproj", "{81087062-5ABA-45E8-9160-5439A13ACA73}"
EndProject
Global
	GlobalSection(SolutionConfigurationPlatforms) = preSolution
		Debug|Any CPU = Debug|Any CPU
		Release|Any CPU = Release|Any CPU
	EndGlobalSection
	GlobalSection(ProjectConfigurationPlatforms) = postSolution
		{81087062-5ABA-45E8-9160-5439A13ACA73}.Debug|Any CPU.ActiveCfg = Debug|Any CPU
		{81087062-5ABA-45E8-9160-5439A13ACA73}.Debug|Any CPU.Build.0 = Debug|Any CPU
		{81087062-5ABA-45E8-9160-5439A13ACA73}.Release|Any CPU.ActiveCfg = Release|Any CPU
		{81087062-5ABA-45E8-9160-5439A13ACA73}.Release|Any CPU.Build.0 = Release|Any CPU
	EndGlobalSection
	GlobalSection(SolutionProperties) = preSolution
		HideSolutionNode = FALSE
	EndGlobalSection
	GlobalSection(ExtensibilityGlobals) = postSolution
		SolutionGuid = {24B1FA44-12C5-4864-9AB6-775AEB0895AE}
	EndGlobalSection
EndGlobal
